<Solution>
  <Project Path="Calculating the volume or area of a parallelepiped/06-Calculating the volume or area of a parallelepiped.csproj" />
  <Project Path="Calculating the volume or area of a pyramid/05-Calculating the volume or area of a pyramid.csproj" />
  <Project Path="Calculating volume or area of a sphere/04-Calculating volume or area of a sphere.csproj" />
  <Project Path="ChineseZodiacAnimal/02-ChineseZodiacAnimal.csproj" />
  <Project Path="DiscountCounter/01-DiscountCounter.csproj" />
  <Project Path="TrafficRulesViolation/03-TrafficRulesViolation.csproj" />
</Solution>
